// !$*UTF8*$!
{
	archiveVersion = 1;
	classes = {
	};
	objectVersion = 50;
	objects = {

/* Begin PBXBuildFile section */
		0D7144422601C3DE00B73C76 /* SignInView.swift in Sources */ = {isa = PBXBuildFile; fileRef = 0D7144412601C3DE00B73C76 /* SignInView.swift */; };
		0D7144452601CA5B00B73C76 /* BackgroundView.swift in Sources */ = {isa = PBXBuildFile; fileRef = 0D7144442601CA5B00B73C76 /* BackgroundView.swift */; };
		0D7144482601CFFC00B73C76 /* CreateAccountView.swift in Sources */ = {isa = PBXBuildFile; fileRef = 0D7144472601CFFC00B73C76 /* CreateAccountView.swift */; };
		0D71444B2601DFB600B73C76 /* HeaderView.swift in Sources */ = {isa = PBXBuildFile; fileRef = 0D71444A2601DFB600B73C76 /* HeaderView.swift */; };
		535D26422601C01A00F8E22A /* LogIn.swift in Sources */ = {isa = PBXBuildFile; fileRef = 535D26412601C01900F8E22A /* LogIn.swift */; };
		535D26452601C30C00F8E22A /* Database.swift in Sources */ = {isa = PBXBuildFile; fileRef = 535D26442601C30C00F8E22A /* Database.swift */; };
		535D26482601CF1D00F8E22A /* CreateAccount.swift in Sources */ = {isa = PBXBuildFile; fileRef = 535D26472601CF1D00F8E22A /* CreateAccount.swift */; };
		5546BC962601183100C1340F /* FoodDropAppApp.swift in Sources */ = {isa = PBXBuildFile; fileRef = 5546BC952601183100C1340F /* FoodDropAppApp.swift */; };
		5546BC982601183100C1340F /* ContentView.swift in Sources */ = {isa = PBXBuildFile; fileRef = 5546BC972601183100C1340F /* ContentView.swift */; };
		5546BC9A2601183300C1340F /* Assets.xcassets in Resources */ = {isa = PBXBuildFile; fileRef = 5546BC992601183300C1340F /* Assets.xcassets */; };
		5546BC9D2601183300C1340F /* Preview Assets.xcassets in Resources */ = {isa = PBXBuildFile; fileRef = 5546BC9C2601183300C1340F /* Preview Assets.xcassets */; };
		5546BCA826027A1100C1340F /* user.swift in Sources */ = {isa = PBXBuildFile; fileRef = 5546BCA726027A1100C1340F /* user.swift */; };
		5546BCAB2602834E00C1340F /* userList.swift in Sources */ = {isa = PBXBuildFile; fileRef = 5546BCAA2602834E00C1340F /* userList.swift */; };
		5570265F2603A9D600D57CF8 /* FoodPost.swift in Sources */ = {isa = PBXBuildFile; fileRef = 5570265E2603A9D600D57CF8 /* FoodPost.swift */; };
		557026652603ACB200D57CF8 /* FoodPostList.swift in Sources */ = {isa = PBXBuildFile; fileRef = 557026642603ACB200D57CF8 /* FoodPostList.swift */; };
/* End PBXBuildFile section */

/* Begin PBXFileReference section */
		0D7144412601C3DE00B73C76 /* SignInView.swift */ = {isa = PBXFileReference; lastKnownFileType = sourcecode.swift; path = SignInView.swift; sourceTree = "<group>"; };
		0D7144442601CA5B00B73C76 /* BackgroundView.swift */ = {isa = PBXFileReference; lastKnownFileType = sourcecode.swift; path = BackgroundView.swift; sourceTree = "<group>"; };
		0D7144472601CFFC00B73C76 /* CreateAccountView.swift */ = {isa = PBXFileReference; lastKnownFileType = sourcecode.swift; path = CreateAccountView.swift; sourceTree = "<group>"; };
		0D71444A2601DFB600B73C76 /* HeaderView.swift */ = {isa = PBXFileReference; lastKnownFileType = sourcecode.swift; path = HeaderView.swift; sourceTree = "<group>"; };
		535D26412601C01900F8E22A /* LogIn.swift */ = {isa = PBXFileReference; lastKnownFileType = sourcecode.swift; path = LogIn.swift; sourceTree = "<group>"; };
		535D26442601C30C00F8E22A /* Database.swift */ = {isa = PBXFileReference; lastKnownFileType = sourcecode.swift; path = Database.swift; sourceTree = "<group>"; };
		535D26472601CF1D00F8E22A /* CreateAccount.swift */ = {isa = PBXFileReference; lastKnownFileType = sourcecode.swift; path = CreateAccount.swift; sourceTree = "<group>"; };
		5546BC922601183100C1340F /* FoodDropApp.app */ = {isa = PBXFileReference; explicitFileType = wrapper.application; includeInIndex = 0; path = FoodDropApp.app; sourceTree = BUILT_PRODUCTS_DIR; };
		5546BC952601183100C1340F /* FoodDropAppApp.swift */ = {isa = PBXFileReference; lastKnownFileType = sourcecode.swift; path = FoodDropAppApp.swift; sourceTree = "<group>"; };
		5546BC972601183100C1340F /* ContentView.swift */ = {isa = PBXFileReference; lastKnownFileType = sourcecode.swift; path = ContentView.swift; sourceTree = "<group>"; };
		5546BC992601183300C1340F /* Assets.xcassets */ = {isa = PBXFileReference; lastKnownFileType = folder.assetcatalog; path = Assets.xcassets; sourceTree = "<group>"; };
		5546BC9C2601183300C1340F /* Preview Assets.xcassets */ = {isa = PBXFileReference; lastKnownFileType = folder.assetcatalog; path = "Preview Assets.xcassets"; sourceTree = "<group>"; };
		5546BC9E2601183300C1340F /* Info.plist */ = {isa = PBXFileReference; lastKnownFileType = text.plist.xml; path = Info.plist; sourceTree = "<group>"; };
		5546BCA726027A1100C1340F /* user.swift */ = {isa = PBXFileReference; lastKnownFileType = sourcecode.swift; path = user.swift; sourceTree = "<group>"; };
		5546BCAA2602834E00C1340F /* userList.swift */ = {isa = PBXFileReference; lastKnownFileType = sourcecode.swift; path = userList.swift; sourceTree = "<group>"; };
		5570265E2603A9D600D57CF8 /* FoodPost.swift */ = {isa = PBXFileReference; lastKnownFileType = sourcecode.swift; path = FoodPost.swift; sourceTree = "<group>"; };
		557026642603ACB200D57CF8 /* FoodPostList.swift */ = {isa = PBXFileReference; lastKnownFileType = sourcecode.swift; path = FoodPostList.swift; sourceTree = "<group>"; };
/* End PBXFileReference section */

/* Begin PBXFrameworksBuildPhase section */
		5546BC8F2601183100C1340F /* Frameworks */ = {
			isa = PBXFrameworksBuildPhase;
			buildActionMask = 2147483647;
			files = (
			);
			runOnlyForDeploymentPostprocessing = 0;
		};
/* End PBXFrameworksBuildPhase section */

/* Begin PBXGroup section */
		5546BC892601183100C1340F = {
			isa = PBXGroup;
			children = (
				5546BCA6260279F300C1340F /* models */,
				5546BC942601183100C1340F /* FoodDropApp */,
				5546BC932601183100C1340F /* Products */,
			);
			sourceTree = "<group>";
		};
		5546BC932601183100C1340F /* Products */ = {
			isa = PBXGroup;
			children = (
				5546BC922601183100C1340F /* FoodDropApp.app */,
			);
			name = Products;
			sourceTree = "<group>";
		};
		5546BC942601183100C1340F /* FoodDropApp */ = {
			isa = PBXGroup;
			children = (
				5546BC952601183100C1340F /* FoodDropAppApp.swift */,
				5546BC972601183100C1340F /* ContentView.swift */,
				0D7144412601C3DE00B73C76 /* SignInView.swift */,
				0D71444A2601DFB600B73C76 /* HeaderView.swift */,
				0D7144472601CFFC00B73C76 /* CreateAccountView.swift */,
				0D7144442601CA5B00B73C76 /* BackgroundView.swift */,
				535D26412601C01900F8E22A /* LogIn.swift */,
				5546BC992601183300C1340F /* Assets.xcassets */,
				5546BC9E2601183300C1340F /* Info.plist */,
				5546BC9B2601183300C1340F /* Preview Content */,
				535D26472601CF1D00F8E22A /* CreateAccount.swift */,
			);
			path = FoodDropApp;
			sourceTree = "<group>";
		};
		5546BC9B2601183300C1340F /* Preview Content */ = {
			isa = PBXGroup;
			children = (
				5546BC9C2601183300C1340F /* Preview Assets.xcassets */,
			);
			path = "Preview Content";
			sourceTree = "<group>";
		};
		5546BCA6260279F300C1340F /* models */ = {
			isa = PBXGroup;
			children = (
				535D26442601C30C00F8E22A /* Database.swift */,
				5546BCA726027A1100C1340F /* user.swift */,
				5546BCAA2602834E00C1340F /* userList.swift */,
				5570265E2603A9D600D57CF8 /* FoodPost.swift */,
				557026642603ACB200D57CF8 /* FoodPostList.swift */,
			);
			path = models;
			sourceTree = "<group>";
		};
/* End PBXGroup section */

/* Begin PBXNativeTarget section */
		5546BC912601183100C1340F /* FoodDropApp */ = {
			isa = PBXNativeTarget;
			buildConfigurationList = 5546BCA12601183300C1340F /* Build configuration list for PBXNativeTarget "FoodDropApp" */;
			buildPhases = (
				5546BC8E2601183100C1340F /* Sources */,
				5546BC8F2601183100C1340F /* Frameworks */,
				5546BC902601183100C1340F /* Resources */,
			);
			buildRules = (
			);
			dependencies = (
			);
			name = FoodDropApp;
			productName = FoodDropApp;
			productReference = 5546BC922601183100C1340F /* FoodDropApp.app */;
			productType = "com.apple.product-type.application";
		};
/* End PBXNativeTarget section */

/* Begin PBXProject section */
		5546BC8A2601183100C1340F /* Project object */ = {
			isa = PBXProject;
			attributes = {
				LastSwiftUpdateCheck = 1240;
				LastUpgradeCheck = 1240;
				TargetAttributes = {
					5546BC912601183100C1340F = {
						CreatedOnToolsVersion = 12.4;
					};
				};
			};
			buildConfigurationList = 5546BC8D2601183100C1340F /* Build configuration list for PBXProject "FoodDropApp" */;
			compatibilityVersion = "Xcode 9.3";
			developmentRegion = en;
			hasScannedForEncodings = 0;
			knownRegions = (
				en,
				Base,
			);
			mainGroup = 5546BC892601183100C1340F;
			productRefGroup = 5546BC932601183100C1340F /* Products */;
			projectDirPath = "";
			projectRoot = "";
			targets = (
				5546BC912601183100C1340F /* FoodDropApp */,
			);
		};
/* End PBXProject section */

/* Begin PBXResourcesBuildPhase section */
		5546BC902601183100C1340F /* Resources */ = {
			isa = PBXResourcesBuildPhase;
			buildActionMask = 2147483647;
			files = (
				5546BC9D2601183300C1340F /* Preview Assets.xcassets in Resources */,
				5546BC9A2601183300C1340F /* Assets.xcassets in Resources */,
			);
			runOnlyForDeploymentPostprocessing = 0;
		};
/* End PBXResourcesBuildPhase section */

/* Begin PBXSourcesBuildPhase section */
		5546BC8E2601183100C1340F /* Sources */ = {
			isa = PBXSourcesBuildPhase;
			buildActionMask = 2147483647;
			files = (
				5546BCA826027A1100C1340F /* user.swift in Sources */,
				557026652603ACB200D57CF8 /* FoodPostList.swift in Sources */,
				0D7144422601C3DE00B73C76 /* SignInView.swift in Sources */,
				0D71444B2601DFB600B73C76 /* HeaderView.swift in Sources */,
				5546BC982601183100C1340F /* ContentView.swift in Sources */,
				0D7144452601CA5B00B73C76 /* BackgroundView.swift in Sources */,
				5546BCAB2602834E00C1340F /* userList.swift in Sources */,
				535D26422601C01A00F8E22A /* LogIn.swift in Sources */,
				535D26482601CF1D00F8E22A /* CreateAccount.swift in Sources */,
				535D26452601C30C00F8E22A /* Database.swift in Sources */,
				5546BC962601183100C1340F /* FoodDropAppApp.swift in Sources */,
				0D7144482601CFFC00B73C76 /* CreateAccountView.swift in Sources */,
				5570265F2603A9D600D57CF8 /* FoodPost.swift in Sources */,
			);
			runOnlyForDeploymentPostprocessing = 0;
		};
/* End PBXSourcesBuildPhase section */

/* Begin XCBuildConfiguration section */
		5546BC9F2601183300C1340F /* Debug */ = {
			isa = XCBuildConfiguration;
			buildSettings = {
				ALWAYS_SEARCH_USER_PATHS = NO;
				CLANG_ANALYZER_NONNULL = YES;
				CLANG_ANALYZER_NUMBER_OBJECT_CONVERSION = YES_AGGRESSIVE;
				CLANG_CXX_LANGUAGE_STANDARD = "gnu++14";
				CLANG_CXX_LIBRARY = "libc++";
				CLANG_ENABLE_MODULES = YES;
				CLANG_ENABLE_OBJC_ARC = YES;
				CLANG_ENABLE_OBJC_WEAK = YES;
				CLANG_WARN_BLOCK_CAPTURE_AUTORELEASING = YES;
				CLANG_WARN_BOOL_CONVERSION = YES;
				CLANG_WARN_COMMA = YES;
				CLANG_WARN_CONSTANT_CONVERSION = YES;
				CLANG_WARN_DEPRECATED_OBJC_IMPLEMENTATIONS = YES;
				CLANG_WARN_DIRECT_OBJC_ISA_USAGE = YES_ERROR;
				CLANG_WARN_DOCUMENTATION_COMMENTS = YES;
				CLANG_WARN_EMPTY_BODY = YES;
				CLANG_WARN_ENUM_CONVERSION = YES;
				CLANG_WARN_INFINITE_RECURSION = YES;
				CLANG_WARN_INT_CONVERSION = YES;
				CLANG_WARN_NON_LITERAL_NULL_CONVERSION = YES;
				CLANG_WARN_OBJC_IMPLICIT_RETAIN_SELF = YES;
				CLANG_WARN_OBJC_LITERAL_CONVERSION = YES;
				CLANG_WARN_OBJC_ROOT_CLASS = YES_ERROR;
				CLANG_WARN_QUOTED_INCLUDE_IN_FRAMEWORK_HEADER = YES;
				CLANG_WARN_RANGE_LOOP_ANALYSIS = YES;
				CLANG_WARN_STRICT_PROTOTYPES = YES;
				CLANG_WARN_SUSPICIOUS_MOVE = YES;
				CLANG_WARN_UNGUARDED_AVAILABILITY = YES_AGGRESSIVE;
				CLANG_WARN_UNREACHABLE_CODE = YES;
				CLANG_WARN__DUPLICATE_METHOD_MATCH = YES;
				COPY_PHASE_STRIP = NO;
				DEBUG_INFORMATION_FORMAT = dwarf;
				ENABLE_STRICT_OBJC_MSGSEND = YES;
				ENABLE_TESTABILITY = YES;
				GCC_C_LANGUAGE_STANDARD = gnu11;
				GCC_DYNAMIC_NO_PIC = NO;
				GCC_NO_COMMON_BLOCKS = YES;
				GCC_OPTIMIZATION_LEVEL = 0;
				GCC_PREPROCESSOR_DEFINITIONS = (
					"DEBUG=1",
					"$(inherited)",
				);
				GCC_WARN_64_TO_32_BIT_CONVERSION = YES;
				GCC_WARN_ABOUT_RETURN_TYPE = YES_ERROR;
				GCC_WARN_UNDECLARED_SELECTOR = YES;
				GCC_WARN_UNINITIALIZED_AUTOS = YES_AGGRESSIVE;
				GCC_WARN_UNUSED_FUNCTION = YES;
				GCC_WARN_UNUSED_VARIABLE = YES;
				IPHONEOS_DEPLOYMENT_TARGET = 14.4;
				MTL_ENABLE_DEBUG_INFO = INCLUDE_SOURCE;
				MTL_FAST_MATH = YES;
				ONLY_ACTIVE_ARCH = YES;
				SDKROOT = iphoneos;
				SWIFT_ACTIVE_COMPILATION_CONDITIONS = DEBUG;
				SWIFT_OPTIMIZATION_LEVEL = "-Onone";
			};
			name = Debug;
		};
		5546BCA02601183300C1340F /* Release */ = {
			isa = XCBuildConfiguration;
			buildSettings = {
				ALWAYS_SEARCH_USER_PATHS = NO;
				CLANG_ANALYZER_NONNULL = YES;
				CLANG_ANALYZER_NUMBER_OBJECT_CONVERSION = YES_AGGRESSIVE;
				CLANG_CXX_LANGUAGE_STANDARD = "gnu++14";
				CLANG_CXX_LIBRARY = "libc++";
				CLANG_ENABLE_MODULES = YES;
				CLANG_ENABLE_OBJC_ARC = YES;
				CLANG_ENABLE_OBJC_WEAK = YES;
				CLANG_WARN_BLOCK_CAPTURE_AUTORELEASING = YES;
				CLANG_WARN_BOOL_CONVERSION = YES;
				CLANG_WARN_COMMA = YES;
				CLANG_WARN_CONSTANT_CONVERSION = YES;
				CLANG_WARN_DEPRECATED_OBJC_IMPLEMENTATIONS = YES;
				CLANG_WARN_DIRECT_OBJC_ISA_USAGE = YES_ERROR;
				CLANG_WARN_DOCUMENTATION_COMMENTS = YES;
				CLANG_WARN_EMPTY_BODY = YES;
				CLANG_WARN_ENUM_CONVERSION = YES;
				CLANG_WARN_INFINITE_RECURSION = YES;
				CLANG_WARN_INT_CONVERSION = YES;
				CLANG_WARN_NON_LITERAL_NULL_CONVERSION = YES;
				CLANG_WARN_OBJC_IMPLICIT_RETAIN_SELF = YES;
				CLANG_WARN_OBJC_LITERAL_CONVERSION = YES;
				CLANG_WARN_OBJC_ROOT_CLASS = YES_ERROR;
				CLANG_WARN_QUOTED_INCLUDE_IN_FRAMEWORK_HEADER = YES;
				CLANG_WARN_RANGE_LOOP_ANALYSIS = YES;
				CLANG_WARN_STRICT_PROTOTYPES = YES;
				CLANG_WARN_SUSPICIOUS_MOVE = YES;
				CLANG_WARN_UNGUARDED_AVAILABILITY = YES_AGGRESSIVE;
				CLANG_WARN_UNREACHABLE_CODE = YES;
				CLANG_WARN__DUPLICATE_METHOD_MATCH = YES;
				COPY_PHASE_STRIP = NO;
				DEBUG_INFORMATION_FORMAT = "dwarf-with-dsym";
				ENABLE_NS_ASSERTIONS = NO;
				ENABLE_STRICT_OBJC_MSGSEND = YES;
				GCC_C_LANGUAGE_STANDARD = gnu11;
				GCC_NO_COMMON_BLOCKS = YES;
				GCC_WARN_64_TO_32_BIT_CONVERSION = YES;
				GCC_WARN_ABOUT_RETURN_TYPE = YES_ERROR;
				GCC_WARN_UNDECLARED_SELECTOR = YES;
				GCC_WARN_UNINITIALIZED_AUTOS = YES_AGGRESSIVE;
				GCC_WARN_UNUSED_FUNCTION = YES;
				GCC_WARN_UNUSED_VARIABLE = YES;
				IPHONEOS_DEPLOYMENT_TARGET = 14.4;
				MTL_ENABLE_DEBUG_INFO = NO;
				MTL_FAST_MATH = YES;
				SDKROOT = iphoneos;
				SWIFT_COMPILATION_MODE = wholemodule;
				SWIFT_OPTIMIZATION_LEVEL = "-O";
				VALIDATE_PRODUCT = YES;
			};
			name = Release;
		};
		5546BCA22601183300C1340F /* Debug */ = {
			isa = XCBuildConfiguration;
			buildSettings = {
				ASSETCATALOG_COMPILER_APPICON_NAME = AppIcon;
				ASSETCATALOG_COMPILER_GLOBAL_ACCENT_COLOR_NAME = AccentColor;
				CODE_SIGN_STYLE = Automatic;
				DEVELOPMENT_ASSET_PATHS = "\"FoodDropApp/Preview Content\"";
				DEVELOPMENT_TEAM = 9457J6BG5K;
				ENABLE_PREVIEWS = YES;
				INFOPLIST_FILE = FoodDropApp/Info.plist;
				IPHONEOS_DEPLOYMENT_TARGET = 14.0;
				LD_RUNPATH_SEARCH_PATHS = (
					"$(inherited)",
					"@executable_path/Frameworks",
				);
				PRODUCT_BUNDLE_IDENTIFIER = "edu.umd-akuzin1.FoodDropApp";
				PRODUCT_NAME = "$(TARGET_NAME)";
				SWIFT_VERSION = 5.0;
				TARGETED_DEVICE_FAMILY = "1,2";
			};
			name = Debug;
		};
		5546BCA32601183300C1340F /* Release */ = {
			isa = XCBuildConfiguration;
			buildSettings = {
				ASSETCATALOG_COMPILER_APPICON_NAME = AppIcon;
				ASSETCATALOG_COMPILER_GLOBAL_ACCENT_COLOR_NAME = AccentColor;
				CODE_SIGN_STYLE = Automatic;
				DEVELOPMENT_ASSET_PATHS = "\"FoodDropApp/Preview Content\"";
				DEVELOPMENT_TEAM = 9457J6BG5K;
				ENABLE_PREVIEWS = YES;
				INFOPLIST_FILE = FoodDropApp/Info.plist;
				IPHONEOS_DEPLOYMENT_TARGET = 14.0;
				LD_RUNPATH_SEARCH_PATHS = (
					"$(inherited)",
					"@executable_path/Frameworks",
				);
				PRODUCT_BUNDLE_IDENTIFIER = "edu.umd-akuzin1.FoodDropApp";
				PRODUCT_NAME = "$(TARGET_NAME)";
				SWIFT_VERSION = 5.0;
				TARGETED_DEVICE_FAMILY = "1,2";
			};
			name = Release;
		};
/* End XCBuildConfiguration section */

/* Begin XCConfigurationList section */
		5546BC8D2601183100C1340F /* Build configuration list for PBXProject "FoodDropApp" */ = {
			isa = XCConfigurationList;
			buildConfigurations = (
				5546BC9F2601183300C1340F /* Debug */,
				5546BCA02601183300C1340F /* Release */,
			);
			defaultConfigurationIsVisible = 0;
			defaultConfigurationName = Release;
		};
		5546BCA12601183300C1340F /* Build configuration list for PBXNativeTarget "FoodDropApp" */ = {
			isa = XCConfigurationList;
			buildConfigurations = (
				5546BCA22601183300C1340F /* Debug */,
				5546BCA32601183300C1340F /* Release */,
			);
			defaultConfigurationIsVisible = 0;
			defaultConfigurationName = Release;
		};
/* End XCConfigurationList section */
	};
	rootObject = 5546BC8A2601183100C1340F /* Project object */;
}
